
Microsoft Visual Studio Solution File, Format Version 12.00
Project("{2150E333-8FDC-42A3-9474-1A3956D46DE8}") = "Infrastructure", "Infrastructure", "{C516FAD9-CB3F-4CCA-A6B5-1AF4246C17A0}"
EndProject
Project("{2150E333-8FDC-42A3-9474-1A3956D46DE8}") = "API", "API", "{2FC57635-2A13-494A-BA02-869DDA074601}"
EndProject
Project("{2150E333-8FDC-42A3-9474-1A3956D46DE8}") = "Domain", "Domain", "{EE7CC9B3-8A79-42BF-8E4E-60283C675CB4}"
EndProject
Project("{2150E333-8FDC-42A3-9474-1A3956D46DE8}") = "Application", "Application", "{B753F9E8-8B74-4B80-A71B-8DD8EF3A92FA}"
EndProject
Project("{FAE04EC0-301F-11D3-BF4B-00C04F79EFBC}") = "Infrastructure", "Infrastructure\Infrastructure.csproj", "{F9E4B60B-B545-47E4-9FED-8B8381441A41}"
EndProject
Project("{FAE04EC0-301F-11D3-BF4B-00C04F79EFBC}") = "Domain", "Domain\Domain.csproj", "{C4106857-4362-48A2-990D-6A7A7FC8CBCF}"
EndProject
Project("{FAE04EC0-301F-11D3-BF4B-00C04F79EFBC}") = "Application", "Application\Application.csproj", "{49F8C9A1-BCB6-4C85-85F3-B7B679EC3D97}"
EndProject
Project("{FAE04EC0-301F-11D3-BF4B-00C04F79EFBC}") = "API", "API\API.csproj", "{9F5267E3-1DF9-4BD8-9BF6-6A457AF5B69C}"
EndProject
Global
	GlobalSection(SolutionConfigurationPlatforms) = preSolution
		Debug|Any CPU = Debug|Any CPU
		Release|Any CPU = Release|Any CPU
	EndGlobalSection
	GlobalSection(NestedProjects) = preSolution
		{F9E4B60B-B545-47E4-9FED-8B8381441A41} = {C516FAD9-CB3F-4CCA-A6B5-1AF4246C17A0}
		{C4106857-4362-48A2-990D-6A7A7FC8CBCF} = {EE7CC9B3-8A79-42BF-8E4E-60283C675CB4}
		{49F8C9A1-BCB6-4C85-85F3-B7B679EC3D97} = {B753F9E8-8B74-4B80-A71B-8DD8EF3A92FA}
		{9F5267E3-1DF9-4BD8-9BF6-6A457AF5B69C} = {2FC57635-2A13-494A-BA02-869DDA074601}
	EndGlobalSection
	GlobalSection(ProjectConfigurationPlatforms) = postSolution
		{F9E4B60B-B545-47E4-9FED-8B8381441A41}.Debug|Any CPU.ActiveCfg = Debug|Any CPU
		{F9E4B60B-B545-47E4-9FED-8B8381441A41}.Debug|Any CPU.Build.0 = Debug|Any CPU
		{F9E4B60B-B545-47E4-9FED-8B8381441A41}.Release|Any CPU.ActiveCfg = Release|Any CPU
		{F9E4B60B-B545-47E4-9FED-8B8381441A41}.Release|Any CPU.Build.0 = Release|Any CPU
		{C4106857-4362-48A2-990D-6A7A7FC8CBCF}.Debug|Any CPU.ActiveCfg = Debug|Any CPU
		{C4106857-4362-48A2-990D-6A7A7FC8CBCF}.Debug|Any CPU.Build.0 = Debug|Any CPU
		{C4106857-4362-48A2-990D-6A7A7FC8CBCF}.Release|Any CPU.ActiveCfg = Release|Any CPU
		{C4106857-4362-48A2-990D-6A7A7FC8CBCF}.Release|Any CPU.Build.0 = Release|Any CPU
		{49F8C9A1-BCB6-4C85-85F3-B7B679EC3D97}.Debug|Any CPU.ActiveCfg = Debug|Any CPU
		{49F8C9A1-BCB6-4C85-85F3-B7B679EC3D97}.Debug|Any CPU.Build.0 = Debug|Any CPU
		{49F8C9A1-BCB6-4C85-85F3-B7B679EC3D97}.Release|Any CPU.ActiveCfg = Release|Any CPU
		{49F8C9A1-BCB6-4C85-85F3-B7B679EC3D97}.Release|Any CPU.Build.0 = Release|Any CPU
		{9F5267E3-1DF9-4BD8-9BF6-6A457AF5B69C}.Debug|Any CPU.ActiveCfg = Debug|Any CPU
		{9F5267E3-1DF9-4BD8-9BF6-6A457AF5B69C}.Debug|Any CPU.Build.0 = Debug|Any CPU
		{9F5267E3-1DF9-4BD8-9BF6-6A457AF5B69C}.Release|Any CPU.ActiveCfg = Release|Any CPU
		{9F5267E3-1DF9-4BD8-9BF6-6A457AF5B69C}.Release|Any CPU.Build.0 = Release|Any CPU
	EndGlobalSection
EndGlobal
